
Microsoft Visual Studio Solution File, Format Version 11.00
# Visual C++ Express 2010
Project("{8BC9CEB8-8B4A-11D0-8D11-00A0C91BC942}") = "trabalhos", "trabalhos\trabalhos.vcxproj", "{98D05B23-3AF9-4DC7-94F4-3875636CB2C3}"
EndProject
Global
	GlobalSection(SolutionConfigurationPlatforms) = preSolution
		Debug|Win32 = Debug|Win32
		Release|Win32 = Release|Win32
	EndGlobalSection
	GlobalSection(ProjectConfigurationPlatforms) = postSolution
		{98D05B23-3AF9-4DC7-94F4-3875636CB2C3}.Debug|Win32.ActiveCfg = Debug|Win32
		{98D05B23-3AF9-4DC7-94F4-3875636CB2C3}.Debug|Win32.Build.0 = Debug|Win32
		{98D05B23-3AF9-4DC7-94F4-3875636CB2C3}.Release|Win32.ActiveCfg = Release|Win32
		{98D05B23-3AF9-4DC7-94F4-3875636CB2C3}.Release|Win32.Build.0 = Release|Win32
	EndGlobalSection
	GlobalSection(SolutionProperties) = preSolution
		HideSolutionNode = FALSE
	EndGlobalSection
EndGlobal
