
Microsoft Visual Studio Solution File, Format Version 10.00
# Visual Studio 2008
Project("{8BC9CEB8-8B4A-11D0-8D11-00A0C91BC942}") = "ListArgs", "ListArgs\ListArgs.vcproj", "{9F89E59B-D21E-4F23-A83F-DF43BAD6A93B}"
EndProject
Global
	GlobalSection(SolutionConfigurationPlatforms) = preSolution
		Debug|Win32 = Debug|Win32
		Release|Win32 = Release|Win32
	EndGlobalSection
	GlobalSection(ProjectConfigurationPlatforms) = postSolution
		{9F89E59B-D21E-4F23-A83F-DF43BAD6A93B}.Debug|Win32.ActiveCfg = Debug|Win32
		{9F89E59B-D21E-4F23-A83F-DF43BAD6A93B}.Debug|Win32.Build.0 = Debug|Win32
		{9F89E59B-D21E-4F23-A83F-DF43BAD6A93B}.Release|Win32.ActiveCfg = Release|Win32
		{9F89E59B-D21E-4F23-A83F-DF43BAD6A93B}.Release|Win32.Build.0 = Release|Win32
		{8096A6E4-474B-41CC-B13A-5B899EC57484}.Debug|Win32.ActiveCfg = Debug|Win32
		{8096A6E4-474B-41CC-B13A-5B899EC57484}.Debug|Win32.Build.0 = Debug|Win32
		{8096A6E4-474B-41CC-B13A-5B899EC57484}.Release|Win32.ActiveCfg = Release|Win32
		{8096A6E4-474B-41CC-B13A-5B899EC57484}.Release|Win32.Build.0 = Release|Win32
	EndGlobalSection
	GlobalSection(SolutionProperties) = preSolution
		HideSolutionNode = FALSE
	EndGlobalSection
EndGlobal
